
Microsoft Visual Studio Solution File, Format Version 12.00
# Visual Studio Version 16
VisualStudioVersion = 16.0.29519.181
MinimumVisualStudioVersion = 10.0.40219.1
Project("{FAE04EC0-301F-11D3-BF4B-00C04F79EFBC}") = "DepartmentsEmployees", "..\..\source\repos\DepartmentEmployees\DepartmentEmployees\DepartmentsEmployees.csproj", "{731163C2-8FA4-4AE4-9B30-C32F6C3AD650}"
EndProject
Global
	GlobalSection(SolutionConfigurationPlatforms) = preSolution
		Debug|Any CPU = Debug|Any CPU
		Release|Any CPU = Release|Any CPU
	EndGlobalSection
	GlobalSection(ProjectConfigurationPlatforms) = postSolution
		{731163C2-8FA4-4AE4-9B30-C32F6C3AD650}.Debug|Any CPU.ActiveCfg = Debug|Any CPU
		{731163C2-8FA4-4AE4-9B30-C32F6C3AD650}.Debug|Any CPU.Build.0 = Debug|Any CPU
		{731163C2-8FA4-4AE4-9B30-C32F6C3AD650}.Release|Any CPU.ActiveCfg = Release|Any CPU
		{731163C2-8FA4-4AE4-9B30-C32F6C3AD650}.Release|Any CPU.Build.0 = Release|Any CPU
	EndGlobalSection
	GlobalSection(SolutionProperties) = preSolution
		HideSolutionNode = FALSE
	EndGlobalSection
	GlobalSection(ExtensibilityGlobals) = postSolution
		SolutionGuid = {37D6B7B3-1B8F-4F6E-BFB4-A2230A228E0C}
	EndGlobalSection
EndGlobal
